
Microsoft Visual Studio Solution File, Format Version 12.00
# Visual Studio Version 17
VisualStudioVersion = 17.7.34031.279
MinimumVisualStudioVersion = 10.0.40219.1
Project("{FAE04EC0-301F-11D3-BF4B-00C04F79EFBC}") = "ConorKoritorOOPCA2", "ConorKoritorOOPCA2\ConorKoritorOOPCA2.csproj", "{CE891F42-48D5-436C-A7CE-EA992BB24CEE}"
EndProject
Global
	GlobalSection(SolutionConfigurationPlatforms) = preSolution
		Debug|Any CPU = Debug|Any CPU
		Release|Any CPU = Release|Any CPU
	EndGlobalSection
	GlobalSection(ProjectConfigurationPlatforms) = postSolution
		{CE891F42-48D5-436C-A7CE-EA992BB24CEE}.Debug|Any CPU.ActiveCfg = Debug|Any CPU
		{CE891F42-48D5-436C-A7CE-EA992BB24CEE}.Debug|Any CPU.Build.0 = Debug|Any CPU
		{CE891F42-48D5-436C-A7CE-EA992BB24CEE}.Release|Any CPU.ActiveCfg = Release|Any CPU
		{CE891F42-48D5-436C-A7CE-EA992BB24CEE}.Release|Any CPU.Build.0 = Release|Any CPU
	EndGlobalSection
	GlobalSection(SolutionProperties) = preSolution
		HideSolutionNode = FALSE
	EndGlobalSection
	GlobalSection(ExtensibilityGlobals) = postSolution
		SolutionGuid = {86C44981-1FAF-4828-9637-680D2D04B626}
	EndGlobalSection
EndGlobal
